{
  "version": 4,
  "terraform_version": "1.2.2",
  "serial": 56,
  "lineage": "7b1f4d8a-4870-797c-4463-17b3bc9d9c7b",
  "outputs": {},
  "resources": [
    {
      "mode": "managed",
      "type": "aws_instance",
      "name": "manager",
      "provider": "provider[\"registry.terraform.io/hashicorp/aws\"]",
      "instances": [
        {
          "index_key": "k8s-manager",
          "schema_version": 1,
          "attributes": {
            "ami": "ami-04ff9e9b51c1f62ca",
            "arn": "arn:aws:ec2:ap-southeast-1:137259367863:instance/i-0702ff72512c88f32",
            "associate_public_ip_address": true,
            "availability_zone": "ap-southeast-1a",
            "capacity_reservation_specification": [
              {
                "capacity_reservation_preference": "open",
                "capacity_reservation_target": []
              }
            ],
            "cpu_core_count": 2,
            "cpu_threads_per_core": 1,
            "credit_specification": [
              {
                "cpu_credits": "standard"
              }
            ],
            "disable_api_termination": false,
            "ebs_block_device": [],
            "ebs_optimized": false,
            "enclave_options": [
              {
                "enabled": false
              }
            ],
            "ephemeral_block_device": [],
            "get_password_data": false,
            "hibernation": false,
            "host_id": null,
            "iam_instance_profile": "",
            "id": "i-0702ff72512c88f32",
            "instance_initiated_shutdown_behavior": "terminate",
            "instance_state": "running",
            "instance_type": "t2.medium",
            "ipv6_address_count": 0,
            "ipv6_addresses": [],
            "key_name": "windows",
            "launch_template": [
              {
                "id": "lt-017a1f9eab9eafa42",
                "name": "test-vworkspace",
                "version": "1"
              }
            ],
            "metadata_options": [
              {
                "http_endpoint": "enabled",
                "http_put_response_hop_limit": 1,
                "http_tokens": "optional",
                "instance_metadata_tags": "disabled"
              }
            ],
            "monitoring": false,
            "network_interface": [],
            "outpost_arn": "",
            "password_data": "",
            "placement_group": "",
            "placement_partition_number": null,
            "primary_network_interface_id": "eni-0a59ebaad28b3650e",
            "private_dns": "ip-30-0-5-134.ap-southeast-1.compute.internal",
            "private_ip": "30.0.5.134",
            "public_dns": "ec2-13-212-39-65.ap-southeast-1.compute.amazonaws.com",
            "public_ip": "13.212.39.65",
            "root_block_device": [
              {
                "delete_on_termination": true,
                "device_name": "/dev/sda1",
                "encrypted": false,
                "iops": 3000,
                "kms_key_id": "",
                "tags": {},
                "throughput": 125,
                "volume_id": "vol-00b82ebeabd13c937",
                "volume_size": 8,
                "volume_type": "gp3"
              }
            ],
            "secondary_private_ips": [],
            "security_groups": [],
            "source_dest_check": true,
            "subnet_id": "subnet-0894799eb9880ff2b",
            "tags": {
              "Name": "k8s-manager"
            },
            "tags_all": {
              "Name": "k8s-manager"
            },
            "tenancy": "default",
            "timeouts": null,
            "user_data": "1d6d4bef224b04d37c171e61f4e1c4e3a3c2d25a",
            "user_data_base64": null,
            "volume_tags": null,
            "vpc_security_group_ids": [
              "sg-0f504f48536fafdf0"
            ]
          },
          "sensitive_attributes": [],
          "private": "eyJlMmJmYjczMC1lY2FhLTExZTYtOGY4OC0zNDM2M2JjN2M0YzAiOnsiY3JlYXRlIjo2MDAwMDAwMDAwMDAsImRlbGV0ZSI6MTIwMDAwMDAwMDAwMCwidXBkYXRlIjo2MDAwMDAwMDAwMDB9LCJzY2hlbWFfdmVyc2lvbiI6IjEifQ=="
        }
      ]
    }
  ]
}
